
Microsoft Visual Studio Solution File, Format Version 12.00
# Visual Studio Version 17
VisualStudioVersion = 17.1.32210.238
MinimumVisualStudioVersion = 10.0.40219.1
Project("{9A19103F-16F7-4668-BE54-9A1E7A4F7556}") = "HPCM", "HPCM\HPCM.csproj", "{9D24FBF2-BCE0-4877-876D-63D3EDA39271}"
EndProject
Project("{FAE04EC0-301F-11D3-BF4B-00C04F79EFBC}") = "DAL", "DAL\DAL.csproj", "{68576157-E96D-45B8-8272-4D3D20A6E3CD}"
EndProject
Global
	GlobalSection(SolutionConfigurationPlatforms) = preSolution
		Debug|Any CPU = Debug|Any CPU
		Release|Any CPU = Release|Any CPU
	EndGlobalSection
	GlobalSection(ProjectConfigurationPlatforms) = postSolution
		{9D24FBF2-BCE0-4877-876D-63D3EDA39271}.Debug|Any CPU.ActiveCfg = Debug|Any CPU
		{9D24FBF2-BCE0-4877-876D-63D3EDA39271}.Debug|Any CPU.Build.0 = Debug|Any CPU
		{9D24FBF2-BCE0-4877-876D-63D3EDA39271}.Release|Any CPU.ActiveCfg = Release|Any CPU
		{9D24FBF2-BCE0-4877-876D-63D3EDA39271}.Release|Any CPU.Build.0 = Release|Any CPU
		{68576157-E96D-45B8-8272-4D3D20A6E3CD}.Debug|Any CPU.ActiveCfg = Debug|Any CPU
		{68576157-E96D-45B8-8272-4D3D20A6E3CD}.Debug|Any CPU.Build.0 = Debug|Any CPU
		{68576157-E96D-45B8-8272-4D3D20A6E3CD}.Release|Any CPU.ActiveCfg = Release|Any CPU
		{68576157-E96D-45B8-8272-4D3D20A6E3CD}.Release|Any CPU.Build.0 = Release|Any CPU
	EndGlobalSection
	GlobalSection(SolutionProperties) = preSolution
		HideSolutionNode = FALSE
	EndGlobalSection
	GlobalSection(ExtensibilityGlobals) = postSolution
		SolutionGuid = {C445B16B-ACDB-406F-BF73-E35041DAB558}
	EndGlobalSection
EndGlobal
